
Microsoft Visual Studio Solution File, Format Version 12.00
# Visual Studio 14
VisualStudioVersion = 14.0.25420.1
MinimumVisualStudioVersion = 10.0.40219.1
Project("{F2A71F9B-5D33-465A-A702-920D77279786}") = "Astrid.Framework", "Astrid.Framework\Astrid.Framework.fsproj", "{89FD9B7F-2661-4554-B4B4-165343173462}"
EndProject
Project("{F2A71F9B-5D33-465A-A702-920D77279786}") = "Astrid.Mobile.Shared", "Astrid.Mobile.Shared\Astrid.Mobile.Shared.fsproj", "{3D3633B2-F30C-40AE-99F3-C6846D4D1383}"
EndProject
Project("{FAE04EC0-301F-11D3-BF4B-00C04F79EFBC}") = "Astrid.Localisation", "Astrid.Localisation\Astrid.Localisation.csproj", "{44437176-F617-4C38-9BC7-5B0B248E336E}"
EndProject
Project("{F2A71F9B-5D33-465A-A702-920D77279786}") = "Astrid.Mobile.Droid", "Astrid.Mobile.Droid\Astrid.Mobile.Droid.fsproj", "{9736B15F-8317-40B2-8DF9-0B0524F7123D}"
EndProject
Global
	GlobalSection(SolutionConfigurationPlatforms) = preSolution
		Debug|Any CPU = Debug|Any CPU
		Debug|ARM = Debug|ARM
		Debug|iPhone = Debug|iPhone
		Debug|iPhoneSimulator = Debug|iPhoneSimulator
		Debug|x86 = Debug|x86
		Release|Any CPU = Release|Any CPU
		Release|ARM = Release|ARM
		Release|iPhone = Release|iPhone
		Release|iPhoneSimulator = Release|iPhoneSimulator
		Release|x86 = Release|x86
	EndGlobalSection
	GlobalSection(ProjectConfigurationPlatforms) = postSolution
		{89FD9B7F-2661-4554-B4B4-165343173462}.Debug|Any CPU.ActiveCfg = Debug|Any CPU
		{89FD9B7F-2661-4554-B4B4-165343173462}.Debug|Any CPU.Build.0 = Debug|Any CPU
		{89FD9B7F-2661-4554-B4B4-165343173462}.Debug|ARM.ActiveCfg = Debug|Any CPU
		{89FD9B7F-2661-4554-B4B4-165343173462}.Debug|ARM.Build.0 = Debug|Any CPU
		{89FD9B7F-2661-4554-B4B4-165343173462}.Debug|iPhone.ActiveCfg = Debug|Any CPU
		{89FD9B7F-2661-4554-B4B4-165343173462}.Debug|iPhone.Build.0 = Debug|Any CPU
		{89FD9B7F-2661-4554-B4B4-165343173462}.Debug|iPhoneSimulator.ActiveCfg = Debug|Any CPU
		{89FD9B7F-2661-4554-B4B4-165343173462}.Debug|iPhoneSimulator.Build.0 = Debug|Any CPU
		{89FD9B7F-2661-4554-B4B4-165343173462}.Debug|x86.ActiveCfg = Debug|Any CPU
		{89FD9B7F-2661-4554-B4B4-165343173462}.Debug|x86.Build.0 = Debug|Any CPU
		{89FD9B7F-2661-4554-B4B4-165343173462}.Release|Any CPU.ActiveCfg = Release|Any CPU
		{89FD9B7F-2661-4554-B4B4-165343173462}.Release|Any CPU.Build.0 = Release|Any CPU
		{89FD9B7F-2661-4554-B4B4-165343173462}.Release|ARM.ActiveCfg = Release|Any CPU
		{89FD9B7F-2661-4554-B4B4-165343173462}.Release|ARM.Build.0 = Release|Any CPU
		{89FD9B7F-2661-4554-B4B4-165343173462}.Release|iPhone.ActiveCfg = Release|Any CPU
		{89FD9B7F-2661-4554-B4B4-165343173462}.Release|iPhone.Build.0 = Release|Any CPU
		{89FD9B7F-2661-4554-B4B4-165343173462}.Release|iPhoneSimulator.ActiveCfg = Release|Any CPU
		{89FD9B7F-2661-4554-B4B4-165343173462}.Release|iPhoneSimulator.Build.0 = Release|Any CPU
		{89FD9B7F-2661-4554-B4B4-165343173462}.Release|x86.ActiveCfg = Release|Any CPU
		{89FD9B7F-2661-4554-B4B4-165343173462}.Release|x86.Build.0 = Release|Any CPU
		{3D3633B2-F30C-40AE-99F3-C6846D4D1383}.Debug|Any CPU.ActiveCfg = Debug|Any CPU
		{3D3633B2-F30C-40AE-99F3-C6846D4D1383}.Debug|Any CPU.Build.0 = Debug|Any CPU
		{3D3633B2-F30C-40AE-99F3-C6846D4D1383}.Debug|ARM.ActiveCfg = Debug|Any CPU
		{3D3633B2-F30C-40AE-99F3-C6846D4D1383}.Debug|ARM.Build.0 = Debug|Any CPU
		{3D3633B2-F30C-40AE-99F3-C6846D4D1383}.Debug|iPhone.ActiveCfg = Debug|Any CPU
		{3D3633B2-F30C-40AE-99F3-C6846D4D1383}.Debug|iPhone.Build.0 = Debug|Any CPU
		{3D3633B2-F30C-40AE-99F3-C6846D4D1383}.Debug|iPhoneSimulator.ActiveCfg = Debug|Any CPU
		{3D3633B2-F30C-40AE-99F3-C6846D4D1383}.Debug|iPhoneSimulator.Build.0 = Debug|Any CPU
		{3D3633B2-F30C-40AE-99F3-C6846D4D1383}.Debug|x86.ActiveCfg = Debug|Any CPU
		{3D3633B2-F30C-40AE-99F3-C6846D4D1383}.Debug|x86.Build.0 = Debug|Any CPU
		{3D3633B2-F30C-40AE-99F3-C6846D4D1383}.Release|Any CPU.ActiveCfg = Release|Any CPU
		{3D3633B2-F30C-40AE-99F3-C6846D4D1383}.Release|Any CPU.Build.0 = Release|Any CPU
		{3D3633B2-F30C-40AE-99F3-C6846D4D1383}.Release|ARM.ActiveCfg = Release|Any CPU
		{3D3633B2-F30C-40AE-99F3-C6846D4D1383}.Release|ARM.Build.0 = Release|Any CPU
		{3D3633B2-F30C-40AE-99F3-C6846D4D1383}.Release|iPhone.ActiveCfg = Release|Any CPU
		{3D3633B2-F30C-40AE-99F3-C6846D4D1383}.Release|iPhone.Build.0 = Release|Any CPU
		{3D3633B2-F30C-40AE-99F3-C6846D4D1383}.Release|iPhoneSimulator.ActiveCfg = Release|Any CPU
		{3D3633B2-F30C-40AE-99F3-C6846D4D1383}.Release|iPhoneSimulator.Build.0 = Release|Any CPU
		{3D3633B2-F30C-40AE-99F3-C6846D4D1383}.Release|x86.ActiveCfg = Release|Any CPU
		{3D3633B2-F30C-40AE-99F3-C6846D4D1383}.Release|x86.Build.0 = Release|Any CPU
		{44437176-F617-4C38-9BC7-5B0B248E336E}.Debug|Any CPU.ActiveCfg = Debug|Any CPU
		{44437176-F617-4C38-9BC7-5B0B248E336E}.Debug|Any CPU.Build.0 = Debug|Any CPU
		{44437176-F617-4C38-9BC7-5B0B248E336E}.Debug|ARM.ActiveCfg = Debug|Any CPU
		{44437176-F617-4C38-9BC7-5B0B248E336E}.Debug|ARM.Build.0 = Debug|Any CPU
		{44437176-F617-4C38-9BC7-5B0B248E336E}.Debug|iPhone.ActiveCfg = Debug|Any CPU
		{44437176-F617-4C38-9BC7-5B0B248E336E}.Debug|iPhone.Build.0 = Debug|Any CPU
		{44437176-F617-4C38-9BC7-5B0B248E336E}.Debug|iPhoneSimulator.ActiveCfg = Debug|Any CPU
		{44437176-F617-4C38-9BC7-5B0B248E336E}.Debug|iPhoneSimulator.Build.0 = Debug|Any CPU
		{44437176-F617-4C38-9BC7-5B0B248E336E}.Debug|x86.ActiveCfg = Debug|Any CPU
		{44437176-F617-4C38-9BC7-5B0B248E336E}.Debug|x86.Build.0 = Debug|Any CPU
		{44437176-F617-4C38-9BC7-5B0B248E336E}.Release|Any CPU.ActiveCfg = Release|Any CPU
		{44437176-F617-4C38-9BC7-5B0B248E336E}.Release|Any CPU.Build.0 = Release|Any CPU
		{44437176-F617-4C38-9BC7-5B0B248E336E}.Release|ARM.ActiveCfg = Release|Any CPU
		{44437176-F617-4C38-9BC7-5B0B248E336E}.Release|ARM.Build.0 = Release|Any CPU
		{44437176-F617-4C38-9BC7-5B0B248E336E}.Release|iPhone.ActiveCfg = Release|Any CPU
		{44437176-F617-4C38-9BC7-5B0B248E336E}.Release|iPhone.Build.0 = Release|Any CPU
		{44437176-F617-4C38-9BC7-5B0B248E336E}.Release|iPhoneSimulator.ActiveCfg = Release|Any CPU
		{44437176-F617-4C38-9BC7-5B0B248E336E}.Release|iPhoneSimulator.Build.0 = Release|Any CPU
		{44437176-F617-4C38-9BC7-5B0B248E336E}.Release|x86.ActiveCfg = Release|Any CPU
		{44437176-F617-4C38-9BC7-5B0B248E336E}.Release|x86.Build.0 = Release|Any CPU
		{9736B15F-8317-40B2-8DF9-0B0524F7123D}.Debug|Any CPU.ActiveCfg = Debug|Any CPU
		{9736B15F-8317-40B2-8DF9-0B0524F7123D}.Debug|Any CPU.Build.0 = Debug|Any CPU
		{9736B15F-8317-40B2-8DF9-0B0524F7123D}.Debug|Any CPU.Deploy.0 = Debug|Any CPU
		{9736B15F-8317-40B2-8DF9-0B0524F7123D}.Debug|ARM.ActiveCfg = Debug|Any CPU
		{9736B15F-8317-40B2-8DF9-0B0524F7123D}.Debug|ARM.Build.0 = Debug|Any CPU
		{9736B15F-8317-40B2-8DF9-0B0524F7123D}.Debug|ARM.Deploy.0 = Debug|Any CPU
		{9736B15F-8317-40B2-8DF9-0B0524F7123D}.Debug|iPhone.ActiveCfg = Debug|Any CPU
		{9736B15F-8317-40B2-8DF9-0B0524F7123D}.Debug|iPhone.Build.0 = Debug|Any CPU
		{9736B15F-8317-40B2-8DF9-0B0524F7123D}.Debug|iPhone.Deploy.0 = Debug|Any CPU
		{9736B15F-8317-40B2-8DF9-0B0524F7123D}.Debug|iPhoneSimulator.ActiveCfg = Debug|Any CPU
		{9736B15F-8317-40B2-8DF9-0B0524F7123D}.Debug|iPhoneSimulator.Build.0 = Debug|Any CPU
		{9736B15F-8317-40B2-8DF9-0B0524F7123D}.Debug|iPhoneSimulator.Deploy.0 = Debug|Any CPU
		{9736B15F-8317-40B2-8DF9-0B0524F7123D}.Debug|x86.ActiveCfg = Debug|Any CPU
		{9736B15F-8317-40B2-8DF9-0B0524F7123D}.Debug|x86.Build.0 = Debug|Any CPU
		{9736B15F-8317-40B2-8DF9-0B0524F7123D}.Debug|x86.Deploy.0 = Debug|Any CPU
		{9736B15F-8317-40B2-8DF9-0B0524F7123D}.Release|Any CPU.ActiveCfg = Release|Any CPU
		{9736B15F-8317-40B2-8DF9-0B0524F7123D}.Release|Any CPU.Build.0 = Release|Any CPU
		{9736B15F-8317-40B2-8DF9-0B0524F7123D}.Release|Any CPU.Deploy.0 = Release|Any CPU
		{9736B15F-8317-40B2-8DF9-0B0524F7123D}.Release|ARM.ActiveCfg = Release|Any CPU
		{9736B15F-8317-40B2-8DF9-0B0524F7123D}.Release|ARM.Build.0 = Release|Any CPU
		{9736B15F-8317-40B2-8DF9-0B0524F7123D}.Release|ARM.Deploy.0 = Release|Any CPU
		{9736B15F-8317-40B2-8DF9-0B0524F7123D}.Release|iPhone.ActiveCfg = Release|Any CPU
		{9736B15F-8317-40B2-8DF9-0B0524F7123D}.Release|iPhone.Build.0 = Release|Any CPU
		{9736B15F-8317-40B2-8DF9-0B0524F7123D}.Release|iPhone.Deploy.0 = Release|Any CPU
		{9736B15F-8317-40B2-8DF9-0B0524F7123D}.Release|iPhoneSimulator.ActiveCfg = Release|Any CPU
		{9736B15F-8317-40B2-8DF9-0B0524F7123D}.Release|iPhoneSimulator.Build.0 = Release|Any CPU
		{9736B15F-8317-40B2-8DF9-0B0524F7123D}.Release|iPhoneSimulator.Deploy.0 = Release|Any CPU
		{9736B15F-8317-40B2-8DF9-0B0524F7123D}.Release|x86.ActiveCfg = Release|Any CPU
		{9736B15F-8317-40B2-8DF9-0B0524F7123D}.Release|x86.Build.0 = Release|Any CPU
		{9736B15F-8317-40B2-8DF9-0B0524F7123D}.Release|x86.Deploy.0 = Release|Any CPU
	EndGlobalSection
	GlobalSection(SolutionProperties) = preSolution
		HideSolutionNode = FALSE
	EndGlobalSection
EndGlobal
